{
  "name": "lastStoneWeight",
  "version": "1.0.0",
  "lockfileVersion": 1,
  "requires": true,
  "dependencies": {
    "collections": {
      "version": "5.1.10",
      "resolved": "https://registry.npmjs.org/collections/-/collections-5.1.10.tgz",
      "integrity": "sha512-BqxJHKnbQFlz1/cA+VjnNvYxYOXf8A4xENiFjpdNhOCAjmPHynMqddb+DfmF4nZvXS9yRuJXK8MwdOmMqJleEQ==",
      "requires": {
        "weak-map": "~1.0.x"
      }
    },
    "weak-map": {
      "version": "1.0.5",
      "resolved": "https://registry.npmjs.org/weak-map/-/weak-map-1.0.5.tgz",
      "integrity": "sha1-eWkVhNmGB/UHC9O3CkDmuyLkAes="
    }
  }
}
